
Microsoft Visual Studio Solution File, Format Version 10.00
# Visual Studio 2008
Project("{FAE04EC0-301F-11D3-BF4B-00C04F79EFBC}") = "VisualAsterisk.Main", "VisualAsterisk.Main\VisualAsterisk.Main.csproj", "{6A033443-FE8E-4677-9D2E-DFACB7C17C6E}"
EndProject
Project("{FAE04EC0-301F-11D3-BF4B-00C04F79EFBC}") = "VisualAsterisk.Test", "VisualAsterisk.Test\VisualAsterisk.Test.csproj", "{0D97C38A-E29F-45E2-913A-A32045A27D0F}"
EndProject
Project("{FAE04EC0-301F-11D3-BF4B-00C04F79EFBC}") = "VisualAsterisk.Asterisk", "VisualAsterisk.Asterisk\VisualAsterisk.Asterisk.csproj", "{C4673D76-6A90-4C9E-9EA2-96603C772351}"
EndProject
Project("{54435603-DBB4-11D2-8724-00A0C9A8B90C}") = "VisualAsterisk.Installer", "VisualAsterisk.Installer\VisualAsterisk.Installer.vdproj", "{FC0BE3AF-00F8-4EA1-B150-840A95CCF30A}"
EndProject
Project("{FAE04EC0-301F-11D3-BF4B-00C04F79EFBC}") = "VisualAsterisk.Test.UI", "VisualAsterisk.Test.UI\VisualAsterisk.Test.UI.csproj", "{28AA07D4-C918-4DD7-B0CC-F24932380376}"
EndProject
Project("{2150E333-8FDC-42A3-9474-1A3956D46DE8}") = "Tools", "Tools", "{383D5F99-5EAA-4C32-B405-4C304FD0EE4A}"
EndProject
Project("{2150E333-8FDC-42A3-9474-1A3956D46DE8}") = "Common", "Common", "{5A8430A6-3506-4FC1-80B6-1FEE0D9A9A71}"
EndProject
Project("{FAE04EC0-301F-11D3-BF4B-00C04F79EFBC}") = "VisualAsterisk.Manager.Controls", "Common\VisualAsterisk.Manager.Controls\VisualAsterisk.Manager.Controls.csproj", "{35741D72-2DD9-4B28-B9D3-028C81C63BAD}"
EndProject
Project("{FAE04EC0-301F-11D3-BF4B-00C04F79EFBC}") = "VisualAsterisk.Data", "Common\VisualAsterisk.Data\VisualAsterisk.Data.csproj", "{49B4D632-06F5-4876-BA50-58EC7D68C931}"
EndProject
Project("{FAE04EC0-301F-11D3-BF4B-00C04F79EFBC}") = "ApplicationLoader", "Tools\ApplicationLoader\ApplicationLoader.csproj", "{AC0E6323-BB00-4854-96CB-DBCCB1523AA7}"
EndProject
Project("{FAE04EC0-301F-11D3-BF4B-00C04F79EFBC}") = "ReportedBugManager", "Tools\ReportedBugManager\ReportedBugManager.csproj", "{C84CA8A5-FC79-4A0D-8B02-AD1682C89322}"
EndProject
Project("{FAE04EC0-301F-11D3-BF4B-00C04F79EFBC}") = "SipPhone", "Tools\SipPhone\SipPhone.csproj", "{DA627B04-F8E6-4B62-92CD-4B23C6DAFC18}"
EndProject
Project("{FAE04EC0-301F-11D3-BF4B-00C04F79EFBC}") = "Asterisk.NET", "Common\Asterisk.NET\Asterisk.NET.csproj", "{BC6E7DBA-C05A-45FE-A2A3-B1637CE16274}"
EndProject
Project("{FAE04EC0-301F-11D3-BF4B-00C04F79EFBC}") = "VisualAsterisk.ExceptionManagement", "Common\VisualAsterisk.ExceptionManagement\VisualAsterisk.ExceptionManagement.csproj", "{5DBD653B-6AF4-4CCC-AC23-5A68E848B632}"
EndProject
Project("{FAE04EC0-301F-11D3-BF4B-00C04F79EFBC}") = "VisualAsterisk.Core", "Common\VisualAsterisk.Core\VisualAsterisk.Core.csproj", "{74D569DD-15F8-43C2-B2A2-3F1DF30497C5}"
EndProject
Project("{FAE04EC0-301F-11D3-BF4B-00C04F79EFBC}") = "AstFileEditor", "Tools\AstFileEditor\AstFileEditor.csproj", "{7D7314D7-58CA-4057-A285-F9B2C6811BCA}"
EndProject
Project("{2150E333-8FDC-42A3-9474-1A3956D46DE8}") = "Test", "Test", "{D839E8F2-C58F-4753-92AF-544378C82B76}"
EndProject
Project("{FAE04EC0-301F-11D3-BF4B-00C04F79EFBC}") = "ICSharpCode.TextEditor", "Common\ICSharpCode.TextEditor\Project\ICSharpCode.TextEditor.csproj", "{2D18BE89-D210-49EB-A9DD-2246FBB3DF6D}"
EndProject
Project("{FAE04EC0-301F-11D3-BF4B-00C04F79EFBC}") = "SipCommunicator", "SipCommunicator\SipCommunicator.csproj", "{9779BCC6-0101-4170-B4BD-E9054B1BA33F}"
EndProject
Project("{FAE04EC0-301F-11D3-BF4B-00C04F79EFBC}") = "IC.Controls", "Common\IC.Controls\IC.Controls.csproj", "{DBB6EEEC-0447-4F03-ABCE-0B4B6DDEEF67}"
EndProject
Project("{54435603-DBB4-11D2-8724-00A0C9A8B90C}") = "SipCommunicator.Installer", "Tools\SipCommunicator.Installer\SipCommunicator.Installer.vdproj", "{E7682E9A-3FA8-405C-BBB4-262B3004983D}"
EndProject
Project("{FAE04EC0-301F-11D3-BF4B-00C04F79EFBC}") = "IC.Utilities", "Common\IC.Utilities\IC.Utilities.csproj", "{83AC14FA-5D89-42DC-888F-1EB2C675CFE4}"
EndProject
Global
	GlobalSection(SubversionScc) = preSolution
		Svn-Managed = True
		Manager = AnkhSVN - Subversion Support for Visual Studio
	EndGlobalSection
	GlobalSection(SolutionConfigurationPlatforms) = preSolution
		Debug|Any CPU = Debug|Any CPU
		Release|Any CPU = Release|Any CPU
	EndGlobalSection
	GlobalSection(ProjectConfigurationPlatforms) = postSolution
		{6A033443-FE8E-4677-9D2E-DFACB7C17C6E}.Debug|Any CPU.ActiveCfg = Debug|Any CPU
		{6A033443-FE8E-4677-9D2E-DFACB7C17C6E}.Debug|Any CPU.Build.0 = Debug|Any CPU
		{6A033443-FE8E-4677-9D2E-DFACB7C17C6E}.Release|Any CPU.ActiveCfg = Release|Any CPU
		{6A033443-FE8E-4677-9D2E-DFACB7C17C6E}.Release|Any CPU.Build.0 = Release|Any CPU
		{0D97C38A-E29F-45E2-913A-A32045A27D0F}.Debug|Any CPU.ActiveCfg = Debug|Any CPU
		{0D97C38A-E29F-45E2-913A-A32045A27D0F}.Debug|Any CPU.Build.0 = Debug|Any CPU
		{0D97C38A-E29F-45E2-913A-A32045A27D0F}.Release|Any CPU.ActiveCfg = Release|Any CPU
		{0D97C38A-E29F-45E2-913A-A32045A27D0F}.Release|Any CPU.Build.0 = Release|Any CPU
		{C4673D76-6A90-4C9E-9EA2-96603C772351}.Debug|Any CPU.ActiveCfg = Debug|Any CPU
		{C4673D76-6A90-4C9E-9EA2-96603C772351}.Debug|Any CPU.Build.0 = Debug|Any CPU
		{C4673D76-6A90-4C9E-9EA2-96603C772351}.Release|Any CPU.ActiveCfg = Release|Any CPU
		{C4673D76-6A90-4C9E-9EA2-96603C772351}.Release|Any CPU.Build.0 = Release|Any CPU
		{FC0BE3AF-00F8-4EA1-B150-840A95CCF30A}.Debug|Any CPU.ActiveCfg = Debug
		{FC0BE3AF-00F8-4EA1-B150-840A95CCF30A}.Release|Any CPU.ActiveCfg = Release
		{28AA07D4-C918-4DD7-B0CC-F24932380376}.Debug|Any CPU.ActiveCfg = Debug|Any CPU
		{28AA07D4-C918-4DD7-B0CC-F24932380376}.Debug|Any CPU.Build.0 = Debug|Any CPU
		{28AA07D4-C918-4DD7-B0CC-F24932380376}.Release|Any CPU.ActiveCfg = Release|Any CPU
		{28AA07D4-C918-4DD7-B0CC-F24932380376}.Release|Any CPU.Build.0 = Release|Any CPU
		{35741D72-2DD9-4B28-B9D3-028C81C63BAD}.Debug|Any CPU.ActiveCfg = Debug|Any CPU
		{35741D72-2DD9-4B28-B9D3-028C81C63BAD}.Debug|Any CPU.Build.0 = Debug|Any CPU
		{35741D72-2DD9-4B28-B9D3-028C81C63BAD}.Release|Any CPU.ActiveCfg = Release|Any CPU
		{35741D72-2DD9-4B28-B9D3-028C81C63BAD}.Release|Any CPU.Build.0 = Release|Any CPU
		{49B4D632-06F5-4876-BA50-58EC7D68C931}.Debug|Any CPU.ActiveCfg = Debug|Any CPU
		{49B4D632-06F5-4876-BA50-58EC7D68C931}.Debug|Any CPU.Build.0 = Debug|Any CPU
		{49B4D632-06F5-4876-BA50-58EC7D68C931}.Release|Any CPU.ActiveCfg = Release|Any CPU
		{49B4D632-06F5-4876-BA50-58EC7D68C931}.Release|Any CPU.Build.0 = Release|Any CPU
		{AC0E6323-BB00-4854-96CB-DBCCB1523AA7}.Debug|Any CPU.ActiveCfg = Debug|Any CPU
		{AC0E6323-BB00-4854-96CB-DBCCB1523AA7}.Debug|Any CPU.Build.0 = Debug|Any CPU
		{AC0E6323-BB00-4854-96CB-DBCCB1523AA7}.Release|Any CPU.ActiveCfg = Release|Any CPU
		{AC0E6323-BB00-4854-96CB-DBCCB1523AA7}.Release|Any CPU.Build.0 = Release|Any CPU
		{C84CA8A5-FC79-4A0D-8B02-AD1682C89322}.Debug|Any CPU.ActiveCfg = Debug|Any CPU
		{C84CA8A5-FC79-4A0D-8B02-AD1682C89322}.Debug|Any CPU.Build.0 = Debug|Any CPU
		{C84CA8A5-FC79-4A0D-8B02-AD1682C89322}.Release|Any CPU.ActiveCfg = Release|Any CPU
		{C84CA8A5-FC79-4A0D-8B02-AD1682C89322}.Release|Any CPU.Build.0 = Release|Any CPU
		{DA627B04-F8E6-4B62-92CD-4B23C6DAFC18}.Debug|Any CPU.ActiveCfg = Debug|Any CPU
		{DA627B04-F8E6-4B62-92CD-4B23C6DAFC18}.Debug|Any CPU.Build.0 = Debug|Any CPU
		{DA627B04-F8E6-4B62-92CD-4B23C6DAFC18}.Release|Any CPU.ActiveCfg = Release|Any CPU
		{DA627B04-F8E6-4B62-92CD-4B23C6DAFC18}.Release|Any CPU.Build.0 = Release|Any CPU
		{BC6E7DBA-C05A-45FE-A2A3-B1637CE16274}.Debug|Any CPU.ActiveCfg = Debug|Any CPU
		{BC6E7DBA-C05A-45FE-A2A3-B1637CE16274}.Debug|Any CPU.Build.0 = Debug|Any CPU
		{BC6E7DBA-C05A-45FE-A2A3-B1637CE16274}.Release|Any CPU.ActiveCfg = Release|Any CPU
		{BC6E7DBA-C05A-45FE-A2A3-B1637CE16274}.Release|Any CPU.Build.0 = Release|Any CPU
		{5DBD653B-6AF4-4CCC-AC23-5A68E848B632}.Debug|Any CPU.ActiveCfg = Debug|Any CPU
		{5DBD653B-6AF4-4CCC-AC23-5A68E848B632}.Debug|Any CPU.Build.0 = Debug|Any CPU
		{5DBD653B-6AF4-4CCC-AC23-5A68E848B632}.Release|Any CPU.ActiveCfg = Release|Any CPU
		{5DBD653B-6AF4-4CCC-AC23-5A68E848B632}.Release|Any CPU.Build.0 = Release|Any CPU
		{74D569DD-15F8-43C2-B2A2-3F1DF30497C5}.Debug|Any CPU.ActiveCfg = Debug|Any CPU
		{74D569DD-15F8-43C2-B2A2-3F1DF30497C5}.Debug|Any CPU.Build.0 = Debug|Any CPU
		{74D569DD-15F8-43C2-B2A2-3F1DF30497C5}.Release|Any CPU.ActiveCfg = Release|Any CPU
		{74D569DD-15F8-43C2-B2A2-3F1DF30497C5}.Release|Any CPU.Build.0 = Release|Any CPU
		{7D7314D7-58CA-4057-A285-F9B2C6811BCA}.Debug|Any CPU.ActiveCfg = Debug|Any CPU
		{7D7314D7-58CA-4057-A285-F9B2C6811BCA}.Debug|Any CPU.Build.0 = Debug|Any CPU
		{7D7314D7-58CA-4057-A285-F9B2C6811BCA}.Release|Any CPU.ActiveCfg = Release|Any CPU
		{7D7314D7-58CA-4057-A285-F9B2C6811BCA}.Release|Any CPU.Build.0 = Release|Any CPU
		{2D18BE89-D210-49EB-A9DD-2246FBB3DF6D}.Debug|Any CPU.ActiveCfg = Debug|Any CPU
		{2D18BE89-D210-49EB-A9DD-2246FBB3DF6D}.Debug|Any CPU.Build.0 = Debug|Any CPU
		{2D18BE89-D210-49EB-A9DD-2246FBB3DF6D}.Release|Any CPU.ActiveCfg = Release|Any CPU
		{2D18BE89-D210-49EB-A9DD-2246FBB3DF6D}.Release|Any CPU.Build.0 = Release|Any CPU
		{9779BCC6-0101-4170-B4BD-E9054B1BA33F}.Debug|Any CPU.ActiveCfg = Debug|Any CPU
		{9779BCC6-0101-4170-B4BD-E9054B1BA33F}.Debug|Any CPU.Build.0 = Debug|Any CPU
		{9779BCC6-0101-4170-B4BD-E9054B1BA33F}.Release|Any CPU.ActiveCfg = Release|Any CPU
		{9779BCC6-0101-4170-B4BD-E9054B1BA33F}.Release|Any CPU.Build.0 = Release|Any CPU
		{DBB6EEEC-0447-4F03-ABCE-0B4B6DDEEF67}.Debug|Any CPU.ActiveCfg = Debug|Any CPU
		{DBB6EEEC-0447-4F03-ABCE-0B4B6DDEEF67}.Debug|Any CPU.Build.0 = Debug|Any CPU
		{DBB6EEEC-0447-4F03-ABCE-0B4B6DDEEF67}.Release|Any CPU.ActiveCfg = Release|Any CPU
		{DBB6EEEC-0447-4F03-ABCE-0B4B6DDEEF67}.Release|Any CPU.Build.0 = Release|Any CPU
		{E7682E9A-3FA8-405C-BBB4-262B3004983D}.Debug|Any CPU.ActiveCfg = Debug
		{E7682E9A-3FA8-405C-BBB4-262B3004983D}.Release|Any CPU.ActiveCfg = Release
		{83AC14FA-5D89-42DC-888F-1EB2C675CFE4}.Debug|Any CPU.ActiveCfg = Debug|Any CPU
		{83AC14FA-5D89-42DC-888F-1EB2C675CFE4}.Debug|Any CPU.Build.0 = Debug|Any CPU
		{83AC14FA-5D89-42DC-888F-1EB2C675CFE4}.Release|Any CPU.ActiveCfg = Release|Any CPU
		{83AC14FA-5D89-42DC-888F-1EB2C675CFE4}.Release|Any CPU.Build.0 = Release|Any CPU
	EndGlobalSection
	GlobalSection(SolutionProperties) = preSolution
		HideSolutionNode = FALSE
	EndGlobalSection
	GlobalSection(NestedProjects) = preSolution
		{AC0E6323-BB00-4854-96CB-DBCCB1523AA7} = {383D5F99-5EAA-4C32-B405-4C304FD0EE4A}
		{C84CA8A5-FC79-4A0D-8B02-AD1682C89322} = {383D5F99-5EAA-4C32-B405-4C304FD0EE4A}
		{DA627B04-F8E6-4B62-92CD-4B23C6DAFC18} = {383D5F99-5EAA-4C32-B405-4C304FD0EE4A}
		{7D7314D7-58CA-4057-A285-F9B2C6811BCA} = {383D5F99-5EAA-4C32-B405-4C304FD0EE4A}
		{9779BCC6-0101-4170-B4BD-E9054B1BA33F} = {383D5F99-5EAA-4C32-B405-4C304FD0EE4A}
		{E7682E9A-3FA8-405C-BBB4-262B3004983D} = {383D5F99-5EAA-4C32-B405-4C304FD0EE4A}
		{35741D72-2DD9-4B28-B9D3-028C81C63BAD} = {5A8430A6-3506-4FC1-80B6-1FEE0D9A9A71}
		{49B4D632-06F5-4876-BA50-58EC7D68C931} = {5A8430A6-3506-4FC1-80B6-1FEE0D9A9A71}
		{BC6E7DBA-C05A-45FE-A2A3-B1637CE16274} = {5A8430A6-3506-4FC1-80B6-1FEE0D9A9A71}
		{5DBD653B-6AF4-4CCC-AC23-5A68E848B632} = {5A8430A6-3506-4FC1-80B6-1FEE0D9A9A71}
		{74D569DD-15F8-43C2-B2A2-3F1DF30497C5} = {5A8430A6-3506-4FC1-80B6-1FEE0D9A9A71}
		{2D18BE89-D210-49EB-A9DD-2246FBB3DF6D} = {5A8430A6-3506-4FC1-80B6-1FEE0D9A9A71}
		{DBB6EEEC-0447-4F03-ABCE-0B4B6DDEEF67} = {5A8430A6-3506-4FC1-80B6-1FEE0D9A9A71}
		{83AC14FA-5D89-42DC-888F-1EB2C675CFE4} = {5A8430A6-3506-4FC1-80B6-1FEE0D9A9A71}
	EndGlobalSection
EndGlobal
